
Microsoft Visual Studio Solution File, Format Version 12.00
# Visual Studio Version 17
VisualStudioVersion = 17.0.31912.275
MinimumVisualStudioVersion = 10.0.40219.1
Project("{9A19103F-16F7-4668-BE54-9A1E7A4F7556}") = "StockScreenerWebApp", "StockScreenerWebApp\StockScreenerWebApp.csproj", "{79541CEB-C8BD-4A81-B596-47DDC7F9014F}"
EndProject
Project("{FAE04EC0-301F-11D3-BF4B-00C04F79EFBC}") = "StockScreenerWebAppTests", "StockScreenerWebAppTests\StockScreenerWebAppTests.csproj", "{BF91AC0A-3B0C-4B2D-8A41-3FC4E6963F30}"
	ProjectSection(ProjectDependencies) = postProject
		{79541CEB-C8BD-4A81-B596-47DDC7F9014F} = {79541CEB-C8BD-4A81-B596-47DDC7F9014F}
	EndProjectSection
EndProject
Global
	GlobalSection(SolutionConfigurationPlatforms) = preSolution
		Debug|Any CPU = Debug|Any CPU
		Release|Any CPU = Release|Any CPU
	EndGlobalSection
	GlobalSection(ProjectConfigurationPlatforms) = postSolution
		{79541CEB-C8BD-4A81-B596-47DDC7F9014F}.Debug|Any CPU.ActiveCfg = Debug|Any CPU
		{79541CEB-C8BD-4A81-B596-47DDC7F9014F}.Debug|Any CPU.Build.0 = Debug|Any CPU
		{79541CEB-C8BD-4A81-B596-47DDC7F9014F}.Release|Any CPU.ActiveCfg = Release|Any CPU
		{79541CEB-C8BD-4A81-B596-47DDC7F9014F}.Release|Any CPU.Build.0 = Release|Any CPU
		{BF91AC0A-3B0C-4B2D-8A41-3FC4E6963F30}.Debug|Any CPU.ActiveCfg = Debug|Any CPU
		{BF91AC0A-3B0C-4B2D-8A41-3FC4E6963F30}.Debug|Any CPU.Build.0 = Debug|Any CPU
		{BF91AC0A-3B0C-4B2D-8A41-3FC4E6963F30}.Release|Any CPU.ActiveCfg = Release|Any CPU
		{BF91AC0A-3B0C-4B2D-8A41-3FC4E6963F30}.Release|Any CPU.Build.0 = Release|Any CPU
	EndGlobalSection
	GlobalSection(SolutionProperties) = preSolution
		HideSolutionNode = FALSE
	EndGlobalSection
	GlobalSection(ExtensibilityGlobals) = postSolution
		SolutionGuid = {06573E46-4026-4346-A5AE-AD8400AE2384}
	EndGlobalSection
EndGlobal
